// !$*UTF8*$!
{
	archiveVersion = 1;
	classes = {
	};
	objectVersion = 50;
	objects = {

/* Begin PBXBuildFile section */
		7307C28926E2E1A7006B2D9A /* AppDelegate.swift in Sources */ = {isa = PBXBuildFile; fileRef = 7307C28826E2E1A7006B2D9A /* AppDelegate.swift */; };
		7307C28B26E2E1A7006B2D9A /* SceneDelegate.swift in Sources */ = {isa = PBXBuildFile; fileRef = 7307C28A26E2E1A7006B2D9A /* SceneDelegate.swift */; };
		7307C28D26E2E1A7006B2D9A /* ViewController.swift in Sources */ = {isa = PBXBuildFile; fileRef = 7307C28C26E2E1A7006B2D9A /* ViewController.swift */; };
		7307C29026E2E1A7006B2D9A /* Main.storyboard in Resources */ = {isa = PBXBuildFile; fileRef = 7307C28E26E2E1A7006B2D9A /* Main.storyboard */; };
		7307C29226E2E1AE006B2D9A /* Assets.xcassets in Resources */ = {isa = PBXBuildFile; fileRef = 7307C29126E2E1AE006B2D9A /* Assets.xcassets */; };
		7307C29526E2E1AE006B2D9A /* LaunchScreen.storyboard in Resources */ = {isa = PBXBuildFile; fileRef = 7307C29326E2E1AE006B2D9A /* LaunchScreen.storyboard */; };
		7307C29D26E2E342006B2D9A /* SecondViewController.swift in Sources */ = {isa = PBXBuildFile; fileRef = 7307C29C26E2E342006B2D9A /* SecondViewController.swift */; };
/* End PBXBuildFile section */

/* Begin PBXFileReference section */
		7307C28526E2E1A7006B2D9A /* UITapBarApp.app */ = {isa = PBXFileReference; explicitFileType = wrapper.application; includeInIndex = 0; path = UITapBarApp.app; sourceTree = BUILT_PRODUCTS_DIR; };
		7307C28826E2E1A7006B2D9A /* AppDelegate.swift */ = {isa = PBXFileReference; lastKnownFileType = sourcecode.swift; path = AppDelegate.swift; sourceTree = "<group>"; };
		7307C28A26E2E1A7006B2D9A /* SceneDelegate.swift */ = {isa = PBXFileReference; lastKnownFileType = sourcecode.swift; path = SceneDelegate.swift; sourceTree = "<group>"; };
		7307C28C26E2E1A7006B2D9A /* ViewController.swift */ = {isa = PBXFileReference; lastKnownFileType = sourcecode.swift; path = ViewController.swift; sourceTree = "<group>"; };
		7307C28F26E2E1A7006B2D9A /* Base */ = {isa = PBXFileReference; lastKnownFileType = file.storyboard; name = Base; path = Base.lproj/Main.storyboard; sourceTree = "<group>"; };
		7307C29126E2E1AE006B2D9A /* Assets.xcassets */ = {isa = PBXFileReference; lastKnownFileType = folder.assetcatalog; path = Assets.xcassets; sourceTree = "<group>"; };
		7307C29426E2E1AE006B2D9A /* Base */ = {isa = PBXFileReference; lastKnownFileType = file.storyboard; name = Base; path = Base.lproj/LaunchScreen.storyboard; sourceTree = "<group>"; };
		7307C29626E2E1AE006B2D9A /* Info.plist */ = {isa = PBXFileReference; lastKnownFileType = text.plist.xml; path = Info.plist; sourceTree = "<group>"; };
		7307C29C26E2E342006B2D9A /* SecondViewController.swift */ = {isa = PBXFileReference; lastKnownFileType = sourcecode.swift; path = SecondViewController.swift; sourceTree = "<group>"; };
/* End PBXFileReference section */

/* Begin PBXFrameworksBuildPhase section */
		7307C28226E2E1A7006B2D9A /* Frameworks */ = {
			isa = PBXFrameworksBuildPhase;
			buildActionMask = 2147483647;
			files = (
			);
			runOnlyForDeploymentPostprocessing = 0;
		};
/* End PBXFrameworksBuildPhase section */

/* Begin PBXGroup section */
		7307C27C26E2E1A7006B2D9A = {
			isa = PBXGroup;
			children = (
				7307C28726E2E1A7006B2D9A /* UITapBarApp */,
				7307C28626E2E1A7006B2D9A /* Products */,
			);
			sourceTree = "<group>";
		};
		7307C28626E2E1A7006B2D9A /* Products */ = {
			isa = PBXGroup;
			children = (
				7307C28526E2E1A7006B2D9A /* UITapBarApp.app */,
			);
			name = Products;
			sourceTree = "<group>";
		};
		7307C28726E2E1A7006B2D9A /* UITapBarApp */ = {
			isa = PBXGroup;
			children = (
				7307C28826E2E1A7006B2D9A /* AppDelegate.swift */,
				7307C28A26E2E1A7006B2D9A /* SceneDelegate.swift */,
				7307C28C26E2E1A7006B2D9A /* ViewController.swift */,
				7307C29C26E2E342006B2D9A /* SecondViewController.swift */,
				7307C28E26E2E1A7006B2D9A /* Main.storyboard */,
				7307C29126E2E1AE006B2D9A /* Assets.xcassets */,
				7307C29326E2E1AE006B2D9A /* LaunchScreen.storyboard */,
				7307C29626E2E1AE006B2D9A /* Info.plist */,
			);
			path = UITapBarApp;
			sourceTree = "<group>";
		};
/* End PBXGroup section */

/* Begin PBXNativeTarget section */
		7307C28426E2E1A7006B2D9A /* UITapBarApp */ = {
			isa = PBXNativeTarget;
			buildConfigurationList = 7307C29926E2E1AE006B2D9A /* Build configuration list for PBXNativeTarget "UITapBarApp" */;
			buildPhases = (
				7307C28126E2E1A7006B2D9A /* Sources */,
				7307C28226E2E1A7006B2D9A /* Frameworks */,
				7307C28326E2E1A7006B2D9A /* Resources */,
			);
			buildRules = (
			);
			dependencies = (
			);
			name = UITapBarApp;
			productName = UITapBarApp;
			productReference = 7307C28526E2E1A7006B2D9A /* UITapBarApp.app */;
			productType = "com.apple.product-type.application";
		};
/* End PBXNativeTarget section */

/* Begin PBXProject section */
		7307C27D26E2E1A7006B2D9A /* Project object */ = {
			isa = PBXProject;
			attributes = {
				LastSwiftUpdateCheck = 1250;
				LastUpgradeCheck = 1250;
				TargetAttributes = {
					7307C28426E2E1A7006B2D9A = {
						CreatedOnToolsVersion = 12.5.1;
					};
				};
			};
			buildConfigurationList = 7307C28026E2E1A7006B2D9A /* Build configuration list for PBXProject "UITapBarApp" */;
			compatibilityVersion = "Xcode 9.3";
			developmentRegion = en;
			hasScannedForEncodings = 0;
			knownRegions = (
				en,
				Base,
			);
			mainGroup = 7307C27C26E2E1A7006B2D9A;
			productRefGroup = 7307C28626E2E1A7006B2D9A /* Products */;
			projectDirPath = "";
			projectRoot = "";
			targets = (
				7307C28426E2E1A7006B2D9A /* UITapBarApp */,
			);
		};
/* End PBXProject section */

/* Begin PBXResourcesBuildPhase section */
		7307C28326E2E1A7006B2D9A /* Resources */ = {
			isa = PBXResourcesBuildPhase;
			buildActionMask = 2147483647;
			files = (
				7307C29526E2E1AE006B2D9A /* LaunchScreen.storyboard in Resources */,
				7307C29226E2E1AE006B2D9A /* Assets.xcassets in Resources */,
				7307C29026E2E1A7006B2D9A /* Main.storyboard in Resources */,
			);
			runOnlyForDeploymentPostprocessing = 0;
		};
/* End PBXResourcesBuildPhase section */

/* Begin PBXSourcesBuildPhase section */
		7307C28126E2E1A7006B2D9A /* Sources */ = {
			isa = PBXSourcesBuildPhase;
			buildActionMask = 2147483647;
			files = (
				7307C29D26E2E342006B2D9A /* SecondViewController.swift in Sources */,
				7307C28D26E2E1A7006B2D9A /* ViewController.swift in Sources */,
				7307C28926E2E1A7006B2D9A /* AppDelegate.swift in Sources */,
				7307C28B26E2E1A7006B2D9A /* SceneDelegate.swift in Sources */,
			);
			runOnlyForDeploymentPostprocessing = 0;
		};
/* End PBXSourcesBuildPhase section */

/* Begin PBXVariantGroup section */
		7307C28E26E2E1A7006B2D9A /* Main.storyboard */ = {
			isa = PBXVariantGroup;
			children = (
				7307C28F26E2E1A7006B2D9A /* Base */,
			);
			name = Main.storyboard;
			sourceTree = "<group>";
		};
		7307C29326E2E1AE006B2D9A /* LaunchScreen.storyboard */ = {
			isa = PBXVariantGroup;
			children = (
				7307C29426E2E1AE006B2D9A /* Base */,
			);
			name = LaunchScreen.storyboard;
			sourceTree = "<group>";
		};
/* End PBXVariantGroup section */

/* Begin XCBuildConfiguration section */
		7307C29726E2E1AE006B2D9A /* Debug */ = {
			isa = XCBuildConfiguration;
			buildSettings = {
				ALWAYS_SEARCH_USER_PATHS = NO;
				CLANG_ANALYZER_NONNULL = YES;
				CLANG_ANALYZER_NUMBER_OBJECT_CONVERSION = YES_AGGRESSIVE;
				CLANG_CXX_LANGUAGE_STANDARD = "gnu++14";
				CLANG_CXX_LIBRARY = "libc++";
				CLANG_ENABLE_MODULES = YES;
				CLANG_ENABLE_OBJC_ARC = YES;
				CLANG_ENABLE_OBJC_WEAK = YES;
				CLANG_WARN_BLOCK_CAPTURE_AUTORELEASING = YES;
				CLANG_WARN_BOOL_CONVERSION = YES;
				CLANG_WARN_COMMA = YES;
				CLANG_WARN_CONSTANT_CONVERSION = YES;
				CLANG_WARN_DEPRECATED_OBJC_IMPLEMENTATIONS = YES;
				CLANG_WARN_DIRECT_OBJC_ISA_USAGE = YES_ERROR;
				CLANG_WARN_DOCUMENTATION_COMMENTS = YES;
				CLANG_WARN_EMPTY_BODY = YES;
				CLANG_WARN_ENUM_CONVERSION = YES;
				CLANG_WARN_INFINITE_RECURSION = YES;
				CLANG_WARN_INT_CONVERSION = YES;
				CLANG_WARN_NON_LITERAL_NULL_CONVERSION = YES;
				CLANG_WARN_OBJC_IMPLICIT_RETAIN_SELF = YES;
				CLANG_WARN_OBJC_LITERAL_CONVERSION = YES;
				CLANG_WARN_OBJC_ROOT_CLASS = YES_ERROR;
				CLANG_WARN_QUOTED_INCLUDE_IN_FRAMEWORK_HEADER = YES;
				CLANG_WARN_RANGE_LOOP_ANALYSIS = YES;
				CLANG_WARN_STRICT_PROTOTYPES = YES;
				CLANG_WARN_SUSPICIOUS_MOVE = YES;
				CLANG_WARN_UNGUARDED_AVAILABILITY = YES_AGGRESSIVE;
				CLANG_WARN_UNREACHABLE_CODE = YES;
				CLANG_WARN__DUPLICATE_METHOD_MATCH = YES;
				COPY_PHASE_STRIP = NO;
				DEBUG_INFORMATION_FORMAT = dwarf;
				ENABLE_STRICT_OBJC_MSGSEND = YES;
				ENABLE_TESTABILITY = YES;
				GCC_C_LANGUAGE_STANDARD = gnu11;
				GCC_DYNAMIC_NO_PIC = NO;
				GCC_NO_COMMON_BLOCKS = YES;
				GCC_OPTIMIZATION_LEVEL = 0;
				GCC_PREPROCESSOR_DEFINITIONS = (
					"DEBUG=1",
					"$(inherited)",
				);
				GCC_WARN_64_TO_32_BIT_CONVERSION = YES;
				GCC_WARN_ABOUT_RETURN_TYPE = YES_ERROR;
				GCC_WARN_UNDECLARED_SELECTOR = YES;
				GCC_WARN_UNINITIALIZED_AUTOS = YES_AGGRESSIVE;
				GCC_WARN_UNUSED_FUNCTION = YES;
				GCC_WARN_UNUSED_VARIABLE = YES;
				IPHONEOS_DEPLOYMENT_TARGET = 14.5;
				MTL_ENABLE_DEBUG_INFO = INCLUDE_SOURCE;
				MTL_FAST_MATH = YES;
				ONLY_ACTIVE_ARCH = YES;
				SDKROOT = iphoneos;
				SWIFT_ACTIVE_COMPILATION_CONDITIONS = DEBUG;
				SWIFT_OPTIMIZATION_LEVEL = "-Onone";
			};
			name = Debug;
		};
		7307C29826E2E1AE006B2D9A /* Release */ = {
			isa = XCBuildConfiguration;
			buildSettings = {
				ALWAYS_SEARCH_USER_PATHS = NO;
				CLANG_ANALYZER_NONNULL = YES;
				CLANG_ANALYZER_NUMBER_OBJECT_CONVERSION = YES_AGGRESSIVE;
				CLANG_CXX_LANGUAGE_STANDARD = "gnu++14";
				CLANG_CXX_LIBRARY = "libc++";
				CLANG_ENABLE_MODULES = YES;
				CLANG_ENABLE_OBJC_ARC = YES;
				CLANG_ENABLE_OBJC_WEAK = YES;
				CLANG_WARN_BLOCK_CAPTURE_AUTORELEASING = YES;
				CLANG_WARN_BOOL_CONVERSION = YES;
				CLANG_WARN_COMMA = YES;
				CLANG_WARN_CONSTANT_CONVERSION = YES;
				CLANG_WARN_DEPRECATED_OBJC_IMPLEMENTATIONS = YES;
				CLANG_WARN_DIRECT_OBJC_ISA_USAGE = YES_ERROR;
				CLANG_WARN_DOCUMENTATION_COMMENTS = YES;
				CLANG_WARN_EMPTY_BODY = YES;
				CLANG_WARN_ENUM_CONVERSION = YES;
				CLANG_WARN_INFINITE_RECURSION = YES;
				CLANG_WARN_INT_CONVERSION = YES;
				CLANG_WARN_NON_LITERAL_NULL_CONVERSION = YES;
				CLANG_WARN_OBJC_IMPLICIT_RETAIN_SELF = YES;
				CLANG_WARN_OBJC_LITERAL_CONVERSION = YES;
				CLANG_WARN_OBJC_ROOT_CLASS = YES_ERROR;
				CLANG_WARN_QUOTED_INCLUDE_IN_FRAMEWORK_HEADER = YES;
				CLANG_WARN_RANGE_LOOP_ANALYSIS = YES;
				CLANG_WARN_STRICT_PROTOTYPES = YES;
				CLANG_WARN_SUSPICIOUS_MOVE = YES;
				CLANG_WARN_UNGUARDED_AVAILABILITY = YES_AGGRESSIVE;
				CLANG_WARN_UNREACHABLE_CODE = YES;
				CLANG_WARN__DUPLICATE_METHOD_MATCH = YES;
				COPY_PHASE_STRIP = NO;
				DEBUG_INFORMATION_FORMAT = "dwarf-with-dsym";
				ENABLE_NS_ASSERTIONS = NO;
				ENABLE_STRICT_OBJC_MSGSEND = YES;
				GCC_C_LANGUAGE_STANDARD = gnu11;
				GCC_NO_COMMON_BLOCKS = YES;
				GCC_WARN_64_TO_32_BIT_CONVERSION = YES;
				GCC_WARN_ABOUT_RETURN_TYPE = YES_ERROR;
				GCC_WARN_UNDECLARED_SELECTOR = YES;
				GCC_WARN_UNINITIALIZED_AUTOS = YES_AGGRESSIVE;
				GCC_WARN_UNUSED_FUNCTION = YES;
				GCC_WARN_UNUSED_VARIABLE = YES;
				IPHONEOS_DEPLOYMENT_TARGET = 14.5;
				MTL_ENABLE_DEBUG_INFO = NO;
				MTL_FAST_MATH = YES;
				SDKROOT = iphoneos;
				SWIFT_COMPILATION_MODE = wholemodule;
				SWIFT_OPTIMIZATION_LEVEL = "-O";
				VALIDATE_PRODUCT = YES;
			};
			name = Release;
		};
		7307C29A26E2E1AE006B2D9A /* Debug */ = {
			isa = XCBuildConfiguration;
			buildSettings = {
				ASSETCATALOG_COMPILER_APPICON_NAME = AppIcon;
				ASSETCATALOG_COMPILER_GLOBAL_ACCENT_COLOR_NAME = AccentColor;
				CODE_SIGN_STYLE = Automatic;
				DEVELOPMENT_TEAM = BQLJBMXZ6L;
				INFOPLIST_FILE = UITapBarApp/Info.plist;
				LD_RUNPATH_SEARCH_PATHS = (
					"$(inherited)",
					"@executable_path/Frameworks",
				);
				PRODUCT_BUNDLE_IDENTIFIER = com.viktoriiaRomaniuk.UITapBarApp;
				PRODUCT_NAME = "$(TARGET_NAME)";
				SWIFT_VERSION = 5.0;
				TARGETED_DEVICE_FAMILY = "1,2";
			};
			name = Debug;
		};
		7307C29B26E2E1AE006B2D9A /* Release */ = {
			isa = XCBuildConfiguration;
			buildSettings = {
				ASSETCATALOG_COMPILER_APPICON_NAME = AppIcon;
				ASSETCATALOG_COMPILER_GLOBAL_ACCENT_COLOR_NAME = AccentColor;
				CODE_SIGN_STYLE = Automatic;
				DEVELOPMENT_TEAM = BQLJBMXZ6L;
				INFOPLIST_FILE = UITapBarApp/Info.plist;
				LD_RUNPATH_SEARCH_PATHS = (
					"$(inherited)",
					"@executable_path/Frameworks",
				);
				PRODUCT_BUNDLE_IDENTIFIER = com.viktoriiaRomaniuk.UITapBarApp;
				PRODUCT_NAME = "$(TARGET_NAME)";
				SWIFT_VERSION = 5.0;
				TARGETED_DEVICE_FAMILY = "1,2";
			};
			name = Release;
		};
/* End XCBuildConfiguration section */

/* Begin XCConfigurationList section */
		7307C28026E2E1A7006B2D9A /* Build configuration list for PBXProject "UITapBarApp" */ = {
			isa = XCConfigurationList;
			buildConfigurations = (
				7307C29726E2E1AE006B2D9A /* Debug */,
				7307C29826E2E1AE006B2D9A /* Release */,
			);
			defaultConfigurationIsVisible = 0;
			defaultConfigurationName = Release;
		};
		7307C29926E2E1AE006B2D9A /* Build configuration list for PBXNativeTarget "UITapBarApp" */ = {
			isa = XCConfigurationList;
			buildConfigurations = (
				7307C29A26E2E1AE006B2D9A /* Debug */,
				7307C29B26E2E1AE006B2D9A /* Release */,
			);
			defaultConfigurationIsVisible = 0;
			defaultConfigurationName = Release;
		};
/* End XCConfigurationList section */
	};
	rootObject = 7307C27D26E2E1A7006B2D9A /* Project object */;
}
