// !$*UTF8*$!
{
	archiveVersion = 1;
	classes = {
	};
	objectVersion = 50;
	objects = {

/* Begin PBXBuildFile section */
		730C1E9826CB43BC00C6AB22 /* AppDelegate.swift in Sources */ = {isa = PBXBuildFile; fileRef = 730C1E9726CB43BC00C6AB22 /* AppDelegate.swift */; };
		730C1E9A26CB43BC00C6AB22 /* SceneDelegate.swift in Sources */ = {isa = PBXBuildFile; fileRef = 730C1E9926CB43BC00C6AB22 /* SceneDelegate.swift */; };
		730C1E9C26CB43BC00C6AB22 /* ViewController.swift in Sources */ = {isa = PBXBuildFile; fileRef = 730C1E9B26CB43BC00C6AB22 /* ViewController.swift */; };
		730C1E9F26CB43BC00C6AB22 /* Main.storyboard in Resources */ = {isa = PBXBuildFile; fileRef = 730C1E9D26CB43BC00C6AB22 /* Main.storyboard */; };
		730C1EA126CB43C000C6AB22 /* Assets.xcassets in Resources */ = {isa = PBXBuildFile; fileRef = 730C1EA026CB43C000C6AB22 /* Assets.xcassets */; };
		730C1EA426CB43C000C6AB22 /* LaunchScreen.storyboard in Resources */ = {isa = PBXBuildFile; fileRef = 730C1EA226CB43C000C6AB22 /* LaunchScreen.storyboard */; };
/* End PBXBuildFile section */

/* Begin PBXFileReference section */
		730C1E9426CB43BC00C6AB22 /* UIButtonAndLabel.app */ = {isa = PBXFileReference; explicitFileType = wrapper.application; includeInIndex = 0; path = UIButtonAndLabel.app; sourceTree = BUILT_PRODUCTS_DIR; };
		730C1E9726CB43BC00C6AB22 /* AppDelegate.swift */ = {isa = PBXFileReference; lastKnownFileType = sourcecode.swift; path = AppDelegate.swift; sourceTree = "<group>"; };
		730C1E9926CB43BC00C6AB22 /* SceneDelegate.swift */ = {isa = PBXFileReference; lastKnownFileType = sourcecode.swift; path = SceneDelegate.swift; sourceTree = "<group>"; };
		730C1E9B26CB43BC00C6AB22 /* ViewController.swift */ = {isa = PBXFileReference; lastKnownFileType = sourcecode.swift; path = ViewController.swift; sourceTree = "<group>"; };
		730C1E9E26CB43BC00C6AB22 /* Base */ = {isa = PBXFileReference; lastKnownFileType = file.storyboard; name = Base; path = Base.lproj/Main.storyboard; sourceTree = "<group>"; };
		730C1EA026CB43C000C6AB22 /* Assets.xcassets */ = {isa = PBXFileReference; lastKnownFileType = folder.assetcatalog; path = Assets.xcassets; sourceTree = "<group>"; };
		730C1EA326CB43C000C6AB22 /* Base */ = {isa = PBXFileReference; lastKnownFileType = file.storyboard; name = Base; path = Base.lproj/LaunchScreen.storyboard; sourceTree = "<group>"; };
		730C1EA526CB43C000C6AB22 /* Info.plist */ = {isa = PBXFileReference; lastKnownFileType = text.plist.xml; path = Info.plist; sourceTree = "<group>"; };
/* End PBXFileReference section */

/* Begin PBXFrameworksBuildPhase section */
		730C1E9126CB43BC00C6AB22 /* Frameworks */ = {
			isa = PBXFrameworksBuildPhase;
			buildActionMask = 2147483647;
			files = (
			);
			runOnlyForDeploymentPostprocessing = 0;
		};
/* End PBXFrameworksBuildPhase section */

/* Begin PBXGroup section */
		730C1E8B26CB43BC00C6AB22 = {
			isa = PBXGroup;
			children = (
				730C1E9626CB43BC00C6AB22 /* UIButtonAndLabel */,
				730C1E9526CB43BC00C6AB22 /* Products */,
			);
			sourceTree = "<group>";
		};
		730C1E9526CB43BC00C6AB22 /* Products */ = {
			isa = PBXGroup;
			children = (
				730C1E9426CB43BC00C6AB22 /* UIButtonAndLabel.app */,
			);
			name = Products;
			sourceTree = "<group>";
		};
		730C1E9626CB43BC00C6AB22 /* UIButtonAndLabel */ = {
			isa = PBXGroup;
			children = (
				730C1E9726CB43BC00C6AB22 /* AppDelegate.swift */,
				730C1E9926CB43BC00C6AB22 /* SceneDelegate.swift */,
				730C1E9B26CB43BC00C6AB22 /* ViewController.swift */,
				730C1E9D26CB43BC00C6AB22 /* Main.storyboard */,
				730C1EA026CB43C000C6AB22 /* Assets.xcassets */,
				730C1EA226CB43C000C6AB22 /* LaunchScreen.storyboard */,
				730C1EA526CB43C000C6AB22 /* Info.plist */,
			);
			path = UIButtonAndLabel;
			sourceTree = "<group>";
		};
/* End PBXGroup section */

/* Begin PBXNativeTarget section */
		730C1E9326CB43BC00C6AB22 /* UIButtonAndLabel */ = {
			isa = PBXNativeTarget;
			buildConfigurationList = 730C1EA826CB43C000C6AB22 /* Build configuration list for PBXNativeTarget "UIButtonAndLabel" */;
			buildPhases = (
				730C1E9026CB43BC00C6AB22 /* Sources */,
				730C1E9126CB43BC00C6AB22 /* Frameworks */,
				730C1E9226CB43BC00C6AB22 /* Resources */,
			);
			buildRules = (
			);
			dependencies = (
			);
			name = UIButtonAndLabel;
			productName = UIButtonAndLabel;
			productReference = 730C1E9426CB43BC00C6AB22 /* UIButtonAndLabel.app */;
			productType = "com.apple.product-type.application";
		};
/* End PBXNativeTarget section */

/* Begin PBXProject section */
		730C1E8C26CB43BC00C6AB22 /* Project object */ = {
			isa = PBXProject;
			attributes = {
				LastSwiftUpdateCheck = 1250;
				LastUpgradeCheck = 1250;
				TargetAttributes = {
					730C1E9326CB43BC00C6AB22 = {
						CreatedOnToolsVersion = 12.5.1;
					};
				};
			};
			buildConfigurationList = 730C1E8F26CB43BC00C6AB22 /* Build configuration list for PBXProject "UIButtonAndLabel" */;
			compatibilityVersion = "Xcode 9.3";
			developmentRegion = en;
			hasScannedForEncodings = 0;
			knownRegions = (
				en,
				Base,
			);
			mainGroup = 730C1E8B26CB43BC00C6AB22;
			productRefGroup = 730C1E9526CB43BC00C6AB22 /* Products */;
			projectDirPath = "";
			projectRoot = "";
			targets = (
				730C1E9326CB43BC00C6AB22 /* UIButtonAndLabel */,
			);
		};
/* End PBXProject section */

/* Begin PBXResourcesBuildPhase section */
		730C1E9226CB43BC00C6AB22 /* Resources */ = {
			isa = PBXResourcesBuildPhase;
			buildActionMask = 2147483647;
			files = (
				730C1EA426CB43C000C6AB22 /* LaunchScreen.storyboard in Resources */,
				730C1EA126CB43C000C6AB22 /* Assets.xcassets in Resources */,
				730C1E9F26CB43BC00C6AB22 /* Main.storyboard in Resources */,
			);
			runOnlyForDeploymentPostprocessing = 0;
		};
/* End PBXResourcesBuildPhase section */

/* Begin PBXSourcesBuildPhase section */
		730C1E9026CB43BC00C6AB22 /* Sources */ = {
			isa = PBXSourcesBuildPhase;
			buildActionMask = 2147483647;
			files = (
				730C1E9C26CB43BC00C6AB22 /* ViewController.swift in Sources */,
				730C1E9826CB43BC00C6AB22 /* AppDelegate.swift in Sources */,
				730C1E9A26CB43BC00C6AB22 /* SceneDelegate.swift in Sources */,
			);
			runOnlyForDeploymentPostprocessing = 0;
		};
/* End PBXSourcesBuildPhase section */

/* Begin PBXVariantGroup section */
		730C1E9D26CB43BC00C6AB22 /* Main.storyboard */ = {
			isa = PBXVariantGroup;
			children = (
				730C1E9E26CB43BC00C6AB22 /* Base */,
			);
			name = Main.storyboard;
			sourceTree = "<group>";
		};
		730C1EA226CB43C000C6AB22 /* LaunchScreen.storyboard */ = {
			isa = PBXVariantGroup;
			children = (
				730C1EA326CB43C000C6AB22 /* Base */,
			);
			name = LaunchScreen.storyboard;
			sourceTree = "<group>";
		};
/* End PBXVariantGroup section */

/* Begin XCBuildConfiguration section */
		730C1EA626CB43C000C6AB22 /* Debug */ = {
			isa = XCBuildConfiguration;
			buildSettings = {
				ALWAYS_SEARCH_USER_PATHS = NO;
				CLANG_ANALYZER_NONNULL = YES;
				CLANG_ANALYZER_NUMBER_OBJECT_CONVERSION = YES_AGGRESSIVE;
				CLANG_CXX_LANGUAGE_STANDARD = "gnu++14";
				CLANG_CXX_LIBRARY = "libc++";
				CLANG_ENABLE_MODULES = YES;
				CLANG_ENABLE_OBJC_ARC = YES;
				CLANG_ENABLE_OBJC_WEAK = YES;
				CLANG_WARN_BLOCK_CAPTURE_AUTORELEASING = YES;
				CLANG_WARN_BOOL_CONVERSION = YES;
				CLANG_WARN_COMMA = YES;
				CLANG_WARN_CONSTANT_CONVERSION = YES;
				CLANG_WARN_DEPRECATED_OBJC_IMPLEMENTATIONS = YES;
				CLANG_WARN_DIRECT_OBJC_ISA_USAGE = YES_ERROR;
				CLANG_WARN_DOCUMENTATION_COMMENTS = YES;
				CLANG_WARN_EMPTY_BODY = YES;
				CLANG_WARN_ENUM_CONVERSION = YES;
				CLANG_WARN_INFINITE_RECURSION = YES;
				CLANG_WARN_INT_CONVERSION = YES;
				CLANG_WARN_NON_LITERAL_NULL_CONVERSION = YES;
				CLANG_WARN_OBJC_IMPLICIT_RETAIN_SELF = YES;
				CLANG_WARN_OBJC_LITERAL_CONVERSION = YES;
				CLANG_WARN_OBJC_ROOT_CLASS = YES_ERROR;
				CLANG_WARN_QUOTED_INCLUDE_IN_FRAMEWORK_HEADER = YES;
				CLANG_WARN_RANGE_LOOP_ANALYSIS = YES;
				CLANG_WARN_STRICT_PROTOTYPES = YES;
				CLANG_WARN_SUSPICIOUS_MOVE = YES;
				CLANG_WARN_UNGUARDED_AVAILABILITY = YES_AGGRESSIVE;
				CLANG_WARN_UNREACHABLE_CODE = YES;
				CLANG_WARN__DUPLICATE_METHOD_MATCH = YES;
				COPY_PHASE_STRIP = NO;
				DEBUG_INFORMATION_FORMAT = dwarf;
				ENABLE_STRICT_OBJC_MSGSEND = YES;
				ENABLE_TESTABILITY = YES;
				GCC_C_LANGUAGE_STANDARD = gnu11;
				GCC_DYNAMIC_NO_PIC = NO;
				GCC_NO_COMMON_BLOCKS = YES;
				GCC_OPTIMIZATION_LEVEL = 0;
				GCC_PREPROCESSOR_DEFINITIONS = (
					"DEBUG=1",
					"$(inherited)",
				);
				GCC_WARN_64_TO_32_BIT_CONVERSION = YES;
				GCC_WARN_ABOUT_RETURN_TYPE = YES_ERROR;
				GCC_WARN_UNDECLARED_SELECTOR = YES;
				GCC_WARN_UNINITIALIZED_AUTOS = YES_AGGRESSIVE;
				GCC_WARN_UNUSED_FUNCTION = YES;
				GCC_WARN_UNUSED_VARIABLE = YES;
				IPHONEOS_DEPLOYMENT_TARGET = 14.5;
				MTL_ENABLE_DEBUG_INFO = INCLUDE_SOURCE;
				MTL_FAST_MATH = YES;
				ONLY_ACTIVE_ARCH = YES;
				SDKROOT = iphoneos;
				SWIFT_ACTIVE_COMPILATION_CONDITIONS = DEBUG;
				SWIFT_OPTIMIZATION_LEVEL = "-Onone";
			};
			name = Debug;
		};
		730C1EA726CB43C000C6AB22 /* Release */ = {
			isa = XCBuildConfiguration;
			buildSettings = {
				ALWAYS_SEARCH_USER_PATHS = NO;
				CLANG_ANALYZER_NONNULL = YES;
				CLANG_ANALYZER_NUMBER_OBJECT_CONVERSION = YES_AGGRESSIVE;
				CLANG_CXX_LANGUAGE_STANDARD = "gnu++14";
				CLANG_CXX_LIBRARY = "libc++";
				CLANG_ENABLE_MODULES = YES;
				CLANG_ENABLE_OBJC_ARC = YES;
				CLANG_ENABLE_OBJC_WEAK = YES;
				CLANG_WARN_BLOCK_CAPTURE_AUTORELEASING = YES;
				CLANG_WARN_BOOL_CONVERSION = YES;
				CLANG_WARN_COMMA = YES;
				CLANG_WARN_CONSTANT_CONVERSION = YES;
				CLANG_WARN_DEPRECATED_OBJC_IMPLEMENTATIONS = YES;
				CLANG_WARN_DIRECT_OBJC_ISA_USAGE = YES_ERROR;
				CLANG_WARN_DOCUMENTATION_COMMENTS = YES;
				CLANG_WARN_EMPTY_BODY = YES;
				CLANG_WARN_ENUM_CONVERSION = YES;
				CLANG_WARN_INFINITE_RECURSION = YES;
				CLANG_WARN_INT_CONVERSION = YES;
				CLANG_WARN_NON_LITERAL_NULL_CONVERSION = YES;
				CLANG_WARN_OBJC_IMPLICIT_RETAIN_SELF = YES;
				CLANG_WARN_OBJC_LITERAL_CONVERSION = YES;
				CLANG_WARN_OBJC_ROOT_CLASS = YES_ERROR;
				CLANG_WARN_QUOTED_INCLUDE_IN_FRAMEWORK_HEADER = YES;
				CLANG_WARN_RANGE_LOOP_ANALYSIS = YES;
				CLANG_WARN_STRICT_PROTOTYPES = YES;
				CLANG_WARN_SUSPICIOUS_MOVE = YES;
				CLANG_WARN_UNGUARDED_AVAILABILITY = YES_AGGRESSIVE;
				CLANG_WARN_UNREACHABLE_CODE = YES;
				CLANG_WARN__DUPLICATE_METHOD_MATCH = YES;
				COPY_PHASE_STRIP = NO;
				DEBUG_INFORMATION_FORMAT = "dwarf-with-dsym";
				ENABLE_NS_ASSERTIONS = NO;
				ENABLE_STRICT_OBJC_MSGSEND = YES;
				GCC_C_LANGUAGE_STANDARD = gnu11;
				GCC_NO_COMMON_BLOCKS = YES;
				GCC_WARN_64_TO_32_BIT_CONVERSION = YES;
				GCC_WARN_ABOUT_RETURN_TYPE = YES_ERROR;
				GCC_WARN_UNDECLARED_SELECTOR = YES;
				GCC_WARN_UNINITIALIZED_AUTOS = YES_AGGRESSIVE;
				GCC_WARN_UNUSED_FUNCTION = YES;
				GCC_WARN_UNUSED_VARIABLE = YES;
				IPHONEOS_DEPLOYMENT_TARGET = 14.5;
				MTL_ENABLE_DEBUG_INFO = NO;
				MTL_FAST_MATH = YES;
				SDKROOT = iphoneos;
				SWIFT_COMPILATION_MODE = wholemodule;
				SWIFT_OPTIMIZATION_LEVEL = "-O";
				VALIDATE_PRODUCT = YES;
			};
			name = Release;
		};
		730C1EA926CB43C000C6AB22 /* Debug */ = {
			isa = XCBuildConfiguration;
			buildSettings = {
				ASSETCATALOG_COMPILER_APPICON_NAME = AppIcon;
				ASSETCATALOG_COMPILER_GLOBAL_ACCENT_COLOR_NAME = AccentColor;
				CODE_SIGN_STYLE = Automatic;
				DEVELOPMENT_TEAM = BQLJBMXZ6L;
				INFOPLIST_FILE = UIButtonAndLabel/Info.plist;
				LD_RUNPATH_SEARCH_PATHS = (
					"$(inherited)",
					"@executable_path/Frameworks",
				);
				PRODUCT_BUNDLE_IDENTIFIER = com.viktoriiaRomaniuk.UIButtonAndLabel;
				PRODUCT_NAME = "$(TARGET_NAME)";
				SWIFT_VERSION = 5.0;
				TARGETED_DEVICE_FAMILY = "1,2";
			};
			name = Debug;
		};
		730C1EAA26CB43C000C6AB22 /* Release */ = {
			isa = XCBuildConfiguration;
			buildSettings = {
				ASSETCATALOG_COMPILER_APPICON_NAME = AppIcon;
				ASSETCATALOG_COMPILER_GLOBAL_ACCENT_COLOR_NAME = AccentColor;
				CODE_SIGN_STYLE = Automatic;
				DEVELOPMENT_TEAM = BQLJBMXZ6L;
				INFOPLIST_FILE = UIButtonAndLabel/Info.plist;
				LD_RUNPATH_SEARCH_PATHS = (
					"$(inherited)",
					"@executable_path/Frameworks",
				);
				PRODUCT_BUNDLE_IDENTIFIER = com.viktoriiaRomaniuk.UIButtonAndLabel;
				PRODUCT_NAME = "$(TARGET_NAME)";
				SWIFT_VERSION = 5.0;
				TARGETED_DEVICE_FAMILY = "1,2";
			};
			name = Release;
		};
/* End XCBuildConfiguration section */

/* Begin XCConfigurationList section */
		730C1E8F26CB43BC00C6AB22 /* Build configuration list for PBXProject "UIButtonAndLabel" */ = {
			isa = XCConfigurationList;
			buildConfigurations = (
				730C1EA626CB43C000C6AB22 /* Debug */,
				730C1EA726CB43C000C6AB22 /* Release */,
			);
			defaultConfigurationIsVisible = 0;
			defaultConfigurationName = Release;
		};
		730C1EA826CB43C000C6AB22 /* Build configuration list for PBXNativeTarget "UIButtonAndLabel" */ = {
			isa = XCConfigurationList;
			buildConfigurations = (
				730C1EA926CB43C000C6AB22 /* Debug */,
				730C1EAA26CB43C000C6AB22 /* Release */,
			);
			defaultConfigurationIsVisible = 0;
			defaultConfigurationName = Release;
		};
/* End XCConfigurationList section */
	};
	rootObject = 730C1E8C26CB43BC00C6AB22 /* Project object */;
}
